
Microsoft Visual Studio Solution File, Format Version 12.00
# Visual Studio 2013
VisualStudioVersion = 12.0.21005.1
MinimumVisualStudioVersion = 10.0.40219.1
Project("{FAE04EC0-301F-11D3-BF4B-00C04F79EFBC}") = "Vector", "Vector\Vector.csproj", "{65EDB28C-BA99-475E-AC93-44F792C2FEC8}"
EndProject
Project("{FAE04EC0-301F-11D3-BF4B-00C04F79EFBC}") = "List", "List\List.csproj", "{9085C448-D634-4450-9CFA-EDAD1D0CCE03}"
EndProject
Project("{FAE04EC0-301F-11D3-BF4B-00C04F79EFBC}") = "Stack", "Stack\Stack.csproj", "{C265D22B-FF75-450A-BE26-B046DF8DE3BB}"
EndProject
Project("{FAE04EC0-301F-11D3-BF4B-00C04F79EFBC}") = "Queue", "Queue\Queue.csproj", "{B45D2BB1-313A-40D7-96EB-E791A42FBCE0}"
EndProject
Project("{FAE04EC0-301F-11D3-BF4B-00C04F79EFBC}") = "BinTree", "Tree\BinTree.csproj", "{20260DA5-0E6A-4B83-8714-DE4519C8F16F}"
EndProject
Project("{FAE04EC0-301F-11D3-BF4B-00C04F79EFBC}") = "Graph", "Graph\Graph.csproj", "{FD8FF400-7255-4A83-B2BC-B66E3F363704}"
EndProject
Project("{FAE04EC0-301F-11D3-BF4B-00C04F79EFBC}") = "Bst", "Bst\Bst.csproj", "{865E5661-E508-4092-A464-E0BB45082123}"
EndProject
Project("{2150E333-8FDC-42A3-9474-1A3956D46DE8}") = "Ch02", "Ch02", "{FA7CB212-5D06-48D3-8657-3A297F8B8F4E}"
EndProject
Project("{FAE04EC0-301F-11D3-BF4B-00C04F79EFBC}") = "VectorTest", "VectorTest\VectorTest.csproj", "{7469B43D-02A8-4655-BDC2-230FF053BAA8}"
EndProject
Project("{2150E333-8FDC-42A3-9474-1A3956D46DE8}") = "Ch03", "Ch03", "{1AD4D8FD-74C8-478F-AFEF-68C88E450520}"
EndProject
Project("{FAE04EC0-301F-11D3-BF4B-00C04F79EFBC}") = "ListTest", "ListTest\ListTest.csproj", "{DD9BF3AF-DE4B-44BC-9612-4949BC1495F5}"
EndProject
Project("{2150E333-8FDC-42A3-9474-1A3956D46DE8}") = "Ch04", "Ch04", "{5815A9F4-D09C-4B44-8EC2-D91528FEA625}"
EndProject
Project("{2150E333-8FDC-42A3-9474-1A3956D46DE8}") = "Ch05", "Ch05", "{3DBCD26C-6843-4014-B3B6-F64916375AFB}"
EndProject
Project("{FAE04EC0-301F-11D3-BF4B-00C04F79EFBC}") = "BinTreeTest", "BinaryTreeTest\BinTreeTest.csproj", "{6CDC5A67-896F-47EE-8A74-1440BF16958C}"
EndProject
Project("{2150E333-8FDC-42A3-9474-1A3956D46DE8}") = "Ch06", "Ch06", "{BCDF5F92-08EB-4BD4-AC24-409225CF2909}"
EndProject
Project("{FAE04EC0-301F-11D3-BF4B-00C04F79EFBC}") = "GraphTest", "GraphTest\GraphTest.csproj", "{A6D005A3-EB5A-498F-A4E6-C159188D6C77}"
EndProject
Project("{2150E333-8FDC-42A3-9474-1A3956D46DE8}") = "Ch0708", "Ch0708", "{678D36F2-ACB9-4779-B5A6-C5CBED5EB914}"
EndProject
Project("{FAE04EC0-301F-11D3-BF4B-00C04F79EFBC}") = "BstTest", "BstTest\BstTest.csproj", "{E93D3D6C-AD22-4553-9253-15FD8C56928B}"
EndProject
Project("{2150E333-8FDC-42A3-9474-1A3956D46DE8}") = "Ch10", "Ch10", "{E56CD17B-867B-4E5C-940E-D9A81FE34CCB}"
EndProject
Project("{FAE04EC0-301F-11D3-BF4B-00C04F79EFBC}") = "PriorityQueue", "PriorityQueue\PriorityQueue.csproj", "{42B9D1EA-E8ED-4810-BE1A-2B73F91F813C}"
EndProject
Project("{FAE04EC0-301F-11D3-BF4B-00C04F79EFBC}") = "PriorityQueueTest", "HeapTest\PriorityQueueTest.csproj", "{B6EDCC5C-5B1A-440D-8CA6-E0D7A9BEEE7B}"
EndProject
Project("{2150E333-8FDC-42A3-9474-1A3956D46DE8}") = "Ch11", "Ch11", "{8E1D8214-6322-4F36-B408-76DF430236D8}"
EndProject
Project("{FAE04EC0-301F-11D3-BF4B-00C04F79EFBC}") = "CharSequence", "CharSequence\CharSequence.csproj", "{F1A7ECBE-2725-4FC4-9A38-5AF9B0BBBA42}"
EndProject
Project("{FAE04EC0-301F-11D3-BF4B-00C04F79EFBC}") = "CharSequenceTest", "CharSequenceTest\CharSequenceTest.csproj", "{B3D352B6-6726-47D2-8C5C-C700E04C6AF2}"
EndProject
Project("{2150E333-8FDC-42A3-9474-1A3956D46DE8}") = "Ch12", "Ch12", "{0F738B9D-BFF3-4108-B490-7A0A24ED1DA6}"
EndProject
Project("{FAE04EC0-301F-11D3-BF4B-00C04F79EFBC}") = "Sort", "Sort\Sort.csproj", "{A4039828-D1F4-49BE-A92E-AA47AEB17EEB}"
EndProject
Project("{FAE04EC0-301F-11D3-BF4B-00C04F79EFBC}") = "SortTest", "SortTest\SortTest.csproj", "{83C7145A-ADCB-4892-A4EE-618EC4D7FAD6}"
EndProject
Project("{FAE04EC0-301F-11D3-BF4B-00C04F79EFBC}") = "StackUtil", "StackUtil\StackUtil.csproj", "{8FAE3542-747F-4BDB-8F54-376097893C63}"
EndProject
Project("{FAE04EC0-301F-11D3-BF4B-00C04F79EFBC}") = "StackQueueTest", "StackQueueTest\StackQueueTest.csproj", "{AC668B37-ED06-4E71-9750-355EE01DD5AF}"
EndProject
Project("{2150E333-8FDC-42A3-9474-1A3956D46DE8}") = "Ch09", "Ch09", "{BDCD7B26-FEC9-42EE-AFE0-49981B6FF9B4}"
EndProject
Project("{FAE04EC0-301F-11D3-BF4B-00C04F79EFBC}") = "Dictionary", "Dictionary\Dictionary.csproj", "{E622A273-74B6-42C7-8893-B1AB639ACB6D}"
EndProject
Project("{FAE04EC0-301F-11D3-BF4B-00C04F79EFBC}") = "DictionaryTest", "DictionaryTest\DictionaryTest.csproj", "{DE9FE12B-76D7-40DD-B06C-6366C35BDA9A}"
EndProject
Global
	GlobalSection(SolutionConfigurationPlatforms) = preSolution
		Debug|Any CPU = Debug|Any CPU
		Release|Any CPU = Release|Any CPU
	EndGlobalSection
	GlobalSection(ProjectConfigurationPlatforms) = postSolution
		{65EDB28C-BA99-475E-AC93-44F792C2FEC8}.Debug|Any CPU.ActiveCfg = Debug|Any CPU
		{65EDB28C-BA99-475E-AC93-44F792C2FEC8}.Debug|Any CPU.Build.0 = Debug|Any CPU
		{65EDB28C-BA99-475E-AC93-44F792C2FEC8}.Release|Any CPU.ActiveCfg = Release|Any CPU
		{65EDB28C-BA99-475E-AC93-44F792C2FEC8}.Release|Any CPU.Build.0 = Release|Any CPU
		{9085C448-D634-4450-9CFA-EDAD1D0CCE03}.Debug|Any CPU.ActiveCfg = Debug|Any CPU
		{9085C448-D634-4450-9CFA-EDAD1D0CCE03}.Debug|Any CPU.Build.0 = Debug|Any CPU
		{9085C448-D634-4450-9CFA-EDAD1D0CCE03}.Release|Any CPU.ActiveCfg = Release|Any CPU
		{9085C448-D634-4450-9CFA-EDAD1D0CCE03}.Release|Any CPU.Build.0 = Release|Any CPU
		{C265D22B-FF75-450A-BE26-B046DF8DE3BB}.Debug|Any CPU.ActiveCfg = Debug|Any CPU
		{C265D22B-FF75-450A-BE26-B046DF8DE3BB}.Debug|Any CPU.Build.0 = Debug|Any CPU
		{C265D22B-FF75-450A-BE26-B046DF8DE3BB}.Release|Any CPU.ActiveCfg = Release|Any CPU
		{C265D22B-FF75-450A-BE26-B046DF8DE3BB}.Release|Any CPU.Build.0 = Release|Any CPU
		{B45D2BB1-313A-40D7-96EB-E791A42FBCE0}.Debug|Any CPU.ActiveCfg = Debug|Any CPU
		{B45D2BB1-313A-40D7-96EB-E791A42FBCE0}.Debug|Any CPU.Build.0 = Debug|Any CPU
		{B45D2BB1-313A-40D7-96EB-E791A42FBCE0}.Release|Any CPU.ActiveCfg = Release|Any CPU
		{B45D2BB1-313A-40D7-96EB-E791A42FBCE0}.Release|Any CPU.Build.0 = Release|Any CPU
		{20260DA5-0E6A-4B83-8714-DE4519C8F16F}.Debug|Any CPU.ActiveCfg = Debug|Any CPU
		{20260DA5-0E6A-4B83-8714-DE4519C8F16F}.Debug|Any CPU.Build.0 = Debug|Any CPU
		{20260DA5-0E6A-4B83-8714-DE4519C8F16F}.Release|Any CPU.ActiveCfg = Release|Any CPU
		{20260DA5-0E6A-4B83-8714-DE4519C8F16F}.Release|Any CPU.Build.0 = Release|Any CPU
		{FD8FF400-7255-4A83-B2BC-B66E3F363704}.Debug|Any CPU.ActiveCfg = Debug|Any CPU
		{FD8FF400-7255-4A83-B2BC-B66E3F363704}.Debug|Any CPU.Build.0 = Debug|Any CPU
		{FD8FF400-7255-4A83-B2BC-B66E3F363704}.Release|Any CPU.ActiveCfg = Release|Any CPU
		{FD8FF400-7255-4A83-B2BC-B66E3F363704}.Release|Any CPU.Build.0 = Release|Any CPU
		{865E5661-E508-4092-A464-E0BB45082123}.Debug|Any CPU.ActiveCfg = Debug|Any CPU
		{865E5661-E508-4092-A464-E0BB45082123}.Debug|Any CPU.Build.0 = Debug|Any CPU
		{865E5661-E508-4092-A464-E0BB45082123}.Release|Any CPU.ActiveCfg = Release|Any CPU
		{865E5661-E508-4092-A464-E0BB45082123}.Release|Any CPU.Build.0 = Release|Any CPU
		{7469B43D-02A8-4655-BDC2-230FF053BAA8}.Debug|Any CPU.ActiveCfg = Debug|Any CPU
		{7469B43D-02A8-4655-BDC2-230FF053BAA8}.Debug|Any CPU.Build.0 = Debug|Any CPU
		{7469B43D-02A8-4655-BDC2-230FF053BAA8}.Release|Any CPU.ActiveCfg = Release|Any CPU
		{7469B43D-02A8-4655-BDC2-230FF053BAA8}.Release|Any CPU.Build.0 = Release|Any CPU
		{DD9BF3AF-DE4B-44BC-9612-4949BC1495F5}.Debug|Any CPU.ActiveCfg = Debug|Any CPU
		{DD9BF3AF-DE4B-44BC-9612-4949BC1495F5}.Debug|Any CPU.Build.0 = Debug|Any CPU
		{DD9BF3AF-DE4B-44BC-9612-4949BC1495F5}.Release|Any CPU.ActiveCfg = Release|Any CPU
		{DD9BF3AF-DE4B-44BC-9612-4949BC1495F5}.Release|Any CPU.Build.0 = Release|Any CPU
		{6CDC5A67-896F-47EE-8A74-1440BF16958C}.Debug|Any CPU.ActiveCfg = Debug|Any CPU
		{6CDC5A67-896F-47EE-8A74-1440BF16958C}.Debug|Any CPU.Build.0 = Debug|Any CPU
		{6CDC5A67-896F-47EE-8A74-1440BF16958C}.Release|Any CPU.ActiveCfg = Release|Any CPU
		{6CDC5A67-896F-47EE-8A74-1440BF16958C}.Release|Any CPU.Build.0 = Release|Any CPU
		{A6D005A3-EB5A-498F-A4E6-C159188D6C77}.Debug|Any CPU.ActiveCfg = Debug|Any CPU
		{A6D005A3-EB5A-498F-A4E6-C159188D6C77}.Debug|Any CPU.Build.0 = Debug|Any CPU
		{A6D005A3-EB5A-498F-A4E6-C159188D6C77}.Release|Any CPU.ActiveCfg = Release|Any CPU
		{A6D005A3-EB5A-498F-A4E6-C159188D6C77}.Release|Any CPU.Build.0 = Release|Any CPU
		{E93D3D6C-AD22-4553-9253-15FD8C56928B}.Debug|Any CPU.ActiveCfg = Debug|Any CPU
		{E93D3D6C-AD22-4553-9253-15FD8C56928B}.Debug|Any CPU.Build.0 = Debug|Any CPU
		{E93D3D6C-AD22-4553-9253-15FD8C56928B}.Release|Any CPU.ActiveCfg = Release|Any CPU
		{E93D3D6C-AD22-4553-9253-15FD8C56928B}.Release|Any CPU.Build.0 = Release|Any CPU
		{42B9D1EA-E8ED-4810-BE1A-2B73F91F813C}.Debug|Any CPU.ActiveCfg = Debug|Any CPU
		{42B9D1EA-E8ED-4810-BE1A-2B73F91F813C}.Debug|Any CPU.Build.0 = Debug|Any CPU
		{42B9D1EA-E8ED-4810-BE1A-2B73F91F813C}.Release|Any CPU.ActiveCfg = Release|Any CPU
		{42B9D1EA-E8ED-4810-BE1A-2B73F91F813C}.Release|Any CPU.Build.0 = Release|Any CPU
		{B6EDCC5C-5B1A-440D-8CA6-E0D7A9BEEE7B}.Debug|Any CPU.ActiveCfg = Debug|Any CPU
		{B6EDCC5C-5B1A-440D-8CA6-E0D7A9BEEE7B}.Debug|Any CPU.Build.0 = Debug|Any CPU
		{B6EDCC5C-5B1A-440D-8CA6-E0D7A9BEEE7B}.Release|Any CPU.ActiveCfg = Release|Any CPU
		{B6EDCC5C-5B1A-440D-8CA6-E0D7A9BEEE7B}.Release|Any CPU.Build.0 = Release|Any CPU
		{F1A7ECBE-2725-4FC4-9A38-5AF9B0BBBA42}.Debug|Any CPU.ActiveCfg = Debug|Any CPU
		{F1A7ECBE-2725-4FC4-9A38-5AF9B0BBBA42}.Debug|Any CPU.Build.0 = Debug|Any CPU
		{F1A7ECBE-2725-4FC4-9A38-5AF9B0BBBA42}.Release|Any CPU.ActiveCfg = Release|Any CPU
		{F1A7ECBE-2725-4FC4-9A38-5AF9B0BBBA42}.Release|Any CPU.Build.0 = Release|Any CPU
		{B3D352B6-6726-47D2-8C5C-C700E04C6AF2}.Debug|Any CPU.ActiveCfg = Debug|Any CPU
		{B3D352B6-6726-47D2-8C5C-C700E04C6AF2}.Debug|Any CPU.Build.0 = Debug|Any CPU
		{B3D352B6-6726-47D2-8C5C-C700E04C6AF2}.Release|Any CPU.ActiveCfg = Release|Any CPU
		{B3D352B6-6726-47D2-8C5C-C700E04C6AF2}.Release|Any CPU.Build.0 = Release|Any CPU
		{A4039828-D1F4-49BE-A92E-AA47AEB17EEB}.Debug|Any CPU.ActiveCfg = Debug|Any CPU
		{A4039828-D1F4-49BE-A92E-AA47AEB17EEB}.Debug|Any CPU.Build.0 = Debug|Any CPU
		{A4039828-D1F4-49BE-A92E-AA47AEB17EEB}.Release|Any CPU.ActiveCfg = Release|Any CPU
		{A4039828-D1F4-49BE-A92E-AA47AEB17EEB}.Release|Any CPU.Build.0 = Release|Any CPU
		{83C7145A-ADCB-4892-A4EE-618EC4D7FAD6}.Debug|Any CPU.ActiveCfg = Debug|Any CPU
		{83C7145A-ADCB-4892-A4EE-618EC4D7FAD6}.Debug|Any CPU.Build.0 = Debug|Any CPU
		{83C7145A-ADCB-4892-A4EE-618EC4D7FAD6}.Release|Any CPU.ActiveCfg = Release|Any CPU
		{83C7145A-ADCB-4892-A4EE-618EC4D7FAD6}.Release|Any CPU.Build.0 = Release|Any CPU
		{8FAE3542-747F-4BDB-8F54-376097893C63}.Debug|Any CPU.ActiveCfg = Debug|Any CPU
		{8FAE3542-747F-4BDB-8F54-376097893C63}.Debug|Any CPU.Build.0 = Debug|Any CPU
		{8FAE3542-747F-4BDB-8F54-376097893C63}.Release|Any CPU.ActiveCfg = Release|Any CPU
		{8FAE3542-747F-4BDB-8F54-376097893C63}.Release|Any CPU.Build.0 = Release|Any CPU
		{AC668B37-ED06-4E71-9750-355EE01DD5AF}.Debug|Any CPU.ActiveCfg = Debug|Any CPU
		{AC668B37-ED06-4E71-9750-355EE01DD5AF}.Debug|Any CPU.Build.0 = Debug|Any CPU
		{AC668B37-ED06-4E71-9750-355EE01DD5AF}.Release|Any CPU.ActiveCfg = Release|Any CPU
		{AC668B37-ED06-4E71-9750-355EE01DD5AF}.Release|Any CPU.Build.0 = Release|Any CPU
		{E622A273-74B6-42C7-8893-B1AB639ACB6D}.Debug|Any CPU.ActiveCfg = Debug|Any CPU
		{E622A273-74B6-42C7-8893-B1AB639ACB6D}.Debug|Any CPU.Build.0 = Debug|Any CPU
		{E622A273-74B6-42C7-8893-B1AB639ACB6D}.Release|Any CPU.ActiveCfg = Release|Any CPU
		{E622A273-74B6-42C7-8893-B1AB639ACB6D}.Release|Any CPU.Build.0 = Release|Any CPU
		{DE9FE12B-76D7-40DD-B06C-6366C35BDA9A}.Debug|Any CPU.ActiveCfg = Debug|Any CPU
		{DE9FE12B-76D7-40DD-B06C-6366C35BDA9A}.Debug|Any CPU.Build.0 = Debug|Any CPU
		{DE9FE12B-76D7-40DD-B06C-6366C35BDA9A}.Release|Any CPU.ActiveCfg = Release|Any CPU
		{DE9FE12B-76D7-40DD-B06C-6366C35BDA9A}.Release|Any CPU.Build.0 = Release|Any CPU
	EndGlobalSection
	GlobalSection(SolutionProperties) = preSolution
		HideSolutionNode = FALSE
	EndGlobalSection
	GlobalSection(NestedProjects) = preSolution
		{65EDB28C-BA99-475E-AC93-44F792C2FEC8} = {FA7CB212-5D06-48D3-8657-3A297F8B8F4E}
		{7469B43D-02A8-4655-BDC2-230FF053BAA8} = {FA7CB212-5D06-48D3-8657-3A297F8B8F4E}
		{9085C448-D634-4450-9CFA-EDAD1D0CCE03} = {1AD4D8FD-74C8-478F-AFEF-68C88E450520}
		{DD9BF3AF-DE4B-44BC-9612-4949BC1495F5} = {1AD4D8FD-74C8-478F-AFEF-68C88E450520}
		{B45D2BB1-313A-40D7-96EB-E791A42FBCE0} = {5815A9F4-D09C-4B44-8EC2-D91528FEA625}
		{C265D22B-FF75-450A-BE26-B046DF8DE3BB} = {5815A9F4-D09C-4B44-8EC2-D91528FEA625}
		{8FAE3542-747F-4BDB-8F54-376097893C63} = {5815A9F4-D09C-4B44-8EC2-D91528FEA625}
		{AC668B37-ED06-4E71-9750-355EE01DD5AF} = {5815A9F4-D09C-4B44-8EC2-D91528FEA625}
		{20260DA5-0E6A-4B83-8714-DE4519C8F16F} = {3DBCD26C-6843-4014-B3B6-F64916375AFB}
		{6CDC5A67-896F-47EE-8A74-1440BF16958C} = {3DBCD26C-6843-4014-B3B6-F64916375AFB}
		{FD8FF400-7255-4A83-B2BC-B66E3F363704} = {BCDF5F92-08EB-4BD4-AC24-409225CF2909}
		{A6D005A3-EB5A-498F-A4E6-C159188D6C77} = {BCDF5F92-08EB-4BD4-AC24-409225CF2909}
		{865E5661-E508-4092-A464-E0BB45082123} = {678D36F2-ACB9-4779-B5A6-C5CBED5EB914}
		{E93D3D6C-AD22-4553-9253-15FD8C56928B} = {678D36F2-ACB9-4779-B5A6-C5CBED5EB914}
		{42B9D1EA-E8ED-4810-BE1A-2B73F91F813C} = {E56CD17B-867B-4E5C-940E-D9A81FE34CCB}
		{B6EDCC5C-5B1A-440D-8CA6-E0D7A9BEEE7B} = {E56CD17B-867B-4E5C-940E-D9A81FE34CCB}
		{F1A7ECBE-2725-4FC4-9A38-5AF9B0BBBA42} = {8E1D8214-6322-4F36-B408-76DF430236D8}
		{B3D352B6-6726-47D2-8C5C-C700E04C6AF2} = {8E1D8214-6322-4F36-B408-76DF430236D8}
		{A4039828-D1F4-49BE-A92E-AA47AEB17EEB} = {0F738B9D-BFF3-4108-B490-7A0A24ED1DA6}
		{83C7145A-ADCB-4892-A4EE-618EC4D7FAD6} = {0F738B9D-BFF3-4108-B490-7A0A24ED1DA6}
		{E622A273-74B6-42C7-8893-B1AB639ACB6D} = {BDCD7B26-FEC9-42EE-AFE0-49981B6FF9B4}
		{DE9FE12B-76D7-40DD-B06C-6366C35BDA9A} = {BDCD7B26-FEC9-42EE-AFE0-49981B6FF9B4}
	EndGlobalSection
EndGlobal
